// !$*UTF8*$!
{
	archiveVersion = 1;
	classes = {
	};
	objectVersion = 46;
	objects = {

/* Begin PBXBuildFile section */
		0A1CCCC81B9B261B008B131A /* Title.m in Sources */ = {isa = PBXBuildFile; fileRef = 0A1CCCC71B9B261B008B131A /* Title.m */; };
		0A1CCCCC1B9B265D008B131A /* RobotoCondensed-Light.ttf in Resources */ = {isa = PBXBuildFile; fileRef = 0A1CCCCA1B9B2620008B131A /* RobotoCondensed-Light.ttf */; };
		0A1CCCCE1B9B2B99008B131A /* rip.png in Resources */ = {isa = PBXBuildFile; fileRef = 0A1CCCCD1B9B2B99008B131A /* rip.png */; };
		0A1CCCD01B9B5380008B131A /* MobileCoreServices.framework in Frameworks */ = {isa = PBXBuildFile; fileRef = 0A1CCCCF1B9B5380008B131A /* MobileCoreServices.framework */; };
		0A1CCCD61B9B95B2008B131A /* News.m in Sources */ = {isa = PBXBuildFile; fileRef = 0A1CCCD51B9B95B2008B131A /* News.m */; };
		0A2D46351B9BC6C100632BC9 /* chevron-left.png in Resources */ = {isa = PBXBuildFile; fileRef = 0A2D46331B9BC6C100632BC9 /* chevron-left.png */; };
		0A2D46361B9BC6C100632BC9 /* chevron-right.png in Resources */ = {isa = PBXBuildFile; fileRef = 0A2D46341B9BC6C100632BC9 /* chevron-right.png */; };
		0A2D46391B9BCAFB00632BC9 /* Newspaper.m in Sources */ = {isa = PBXBuildFile; fileRef = 0A2D46381B9BCAFB00632BC9 /* Newspaper.m */; };
		0A5DB6F11B9A8E3300B78CA5 /* DetailView.m in Sources */ = {isa = PBXBuildFile; fileRef = 0A5DB6F01B9A8E3300B78CA5 /* DetailView.m */; };
		0A61A2CC1B9A73E0009A585B /* main.m in Sources */ = {isa = PBXBuildFile; fileRef = 0A61A2CB1B9A73E0009A585B /* main.m */; };
		0A61A2CF1B9A73E0009A585B /* AppDelegate.m in Sources */ = {isa = PBXBuildFile; fileRef = 0A61A2CE1B9A73E0009A585B /* AppDelegate.m */; };
		0A61A2D21B9A73E0009A585B /* ViewController.m in Sources */ = {isa = PBXBuildFile; fileRef = 0A61A2D11B9A73E0009A585B /* ViewController.m */; };
		0A61A2D51B9A73E0009A585B /* Main.storyboard in Resources */ = {isa = PBXBuildFile; fileRef = 0A61A2D31B9A73E0009A585B /* Main.storyboard */; };
		0A61A2E51B9A73E0009A585B /* ShokujiTests.m in Sources */ = {isa = PBXBuildFile; fileRef = 0A61A2E41B9A73E0009A585B /* ShokujiTests.m */; };
		0A61A2F01B9A73E0009A585B /* ShokujiUITests.m in Sources */ = {isa = PBXBuildFile; fileRef = 0A61A2EF1B9A73E0009A585B /* ShokujiUITests.m */; };
		0A61A2FE1B9A79A4009A585B /* Assets.xcassets in Resources */ = {isa = PBXBuildFile; fileRef = 0A61A2FD1B9A79A4009A585B /* Assets.xcassets */; };
		0A63F49B1C37BDFA006F0B39 /* kenko-gradient.png in Resources */ = {isa = PBXBuildFile; fileRef = 0A63F49A1C37BDFA006F0B39 /* kenko-gradient.png */; };
		0A63F4A01C37C139006F0B39 /* Hybrea-Regular.ttf in Resources */ = {isa = PBXBuildFile; fileRef = 0A63F49C1C37BFBE006F0B39 /* Hybrea-Regular.ttf */; };
		0A92A45D1C3B3600007C99BB /* ios7-close-outline.png in Resources */ = {isa = PBXBuildFile; fileRef = 0A92A45C1C3B3600007C99BB /* ios7-close-outline.png */; };
		0A92A45F1C3B39EA007C99BB /* Roboto.ttf in Resources */ = {isa = PBXBuildFile; fileRef = 0A92A45E1C3B39EA007C99BB /* Roboto.ttf */; };
		0AB26C091B9BFF2300F6BD29 /* camera-button.png in Resources */ = {isa = PBXBuildFile; fileRef = 0AB26C081B9BFF2300F6BD29 /* camera-button.png */; };
		FA3F81A6E6CBC00D1C31FC10 /* libPods-Shokuji.a in Frameworks */ = {isa = PBXBuildFile; fileRef = C15B439E847E773E7436BD65 /* libPods-Shokuji.a */; };
/* End PBXBuildFile section */

/* Begin PBXContainerItemProxy section */
		0A61A2E11B9A73E0009A585B /* PBXContainerItemProxy */ = {
			isa = PBXContainerItemProxy;
			containerPortal = 0A61A2BF1B9A73DF009A585B /* Project object */;
			proxyType = 1;
			remoteGlobalIDString = 0A61A2C61B9A73DF009A585B;
			remoteInfo = Shokuji;
		};
		0A61A2EC1B9A73E0009A585B /* PBXContainerItemProxy */ = {
			isa = PBXContainerItemProxy;
			containerPortal = 0A61A2BF1B9A73DF009A585B /* Project object */;
			proxyType = 1;
			remoteGlobalIDString = 0A61A2C61B9A73DF009A585B;
			remoteInfo = Shokuji;
		};
/* End PBXContainerItemProxy section */

/* Begin PBXFileReference section */
		0A1CCCC61B9B261B008B131A /* Title.h */ = {isa = PBXFileReference; fileEncoding = 4; lastKnownFileType = sourcecode.c.h; path = Title.h; sourceTree = "<group>"; };
		0A1CCCC71B9B261B008B131A /* Title.m */ = {isa = PBXFileReference; fileEncoding = 4; lastKnownFileType = sourcecode.c.objc; path = Title.m; sourceTree = "<group>"; };
		0A1CCCCA1B9B2620008B131A /* RobotoCondensed-Light.ttf */ = {isa = PBXFileReference; lastKnownFileType = file; path = "RobotoCondensed-Light.ttf"; sourceTree = "<group>"; };
		0A1CCCCD1B9B2B99008B131A /* rip.png */ = {isa = PBXFileReference; lastKnownFileType = image.png; path = rip.png; sourceTree = "<group>"; };
		0A1CCCCF1B9B5380008B131A /* MobileCoreServices.framework */ = {isa = PBXFileReference; lastKnownFileType = wrapper.framework; name = MobileCoreServices.framework; path = System/Library/Frameworks/MobileCoreServices.framework; sourceTree = SDKROOT; };
		0A1CCCD31B9B842E008B131A /* Shokuji.entitlements */ = {isa = PBXFileReference; lastKnownFileType = text.xml; path = Shokuji.entitlements; sourceTree = "<group>"; };
		0A1CCCD41B9B95B2008B131A /* News.h */ = {isa = PBXFileReference; fileEncoding = 4; lastKnownFileType = sourcecode.c.h; path = News.h; sourceTree = "<group>"; };
		0A1CCCD51B9B95B2008B131A /* News.m */ = {isa = PBXFileReference; fileEncoding = 4; lastKnownFileType = sourcecode.c.objc; path = News.m; sourceTree = "<group>"; };
		0A2D46331B9BC6C100632BC9 /* chevron-left.png */ = {isa = PBXFileReference; lastKnownFileType = image.png; path = "chevron-left.png"; sourceTree = "<group>"; };
		0A2D46341B9BC6C100632BC9 /* chevron-right.png */ = {isa = PBXFileReference; lastKnownFileType = image.png; path = "chevron-right.png"; sourceTree = "<group>"; };
		0A2D46371B9BCAFB00632BC9 /* Newspaper.h */ = {isa = PBXFileReference; fileEncoding = 4; lastKnownFileType = sourcecode.c.h; path = Newspaper.h; sourceTree = "<group>"; };
		0A2D46381B9BCAFB00632BC9 /* Newspaper.m */ = {isa = PBXFileReference; fileEncoding = 4; lastKnownFileType = sourcecode.c.objc; path = Newspaper.m; sourceTree = "<group>"; };
		0A5DB6EF1B9A8E3300B78CA5 /* DetailView.h */ = {isa = PBXFileReference; fileEncoding = 4; lastKnownFileType = sourcecode.c.h; path = DetailView.h; sourceTree = "<group>"; };
		0A5DB6F01B9A8E3300B78CA5 /* DetailView.m */ = {isa = PBXFileReference; fileEncoding = 4; lastKnownFileType = sourcecode.c.objc; path = DetailView.m; sourceTree = "<group>"; };
		0A61A2C71B9A73E0009A585B /* Shokuji.app */ = {isa = PBXFileReference; explicitFileType = wrapper.application; includeInIndex = 0; path = Shokuji.app; sourceTree = BUILT_PRODUCTS_DIR; };
		0A61A2CB1B9A73E0009A585B /* main.m */ = {isa = PBXFileReference; lastKnownFileType = sourcecode.c.objc; path = main.m; sourceTree = "<group>"; };
		0A61A2CD1B9A73E0009A585B /* AppDelegate.h */ = {isa = PBXFileReference; lastKnownFileType = sourcecode.c.h; path = AppDelegate.h; sourceTree = "<group>"; };
		0A61A2CE1B9A73E0009A585B /* AppDelegate.m */ = {isa = PBXFileReference; lastKnownFileType = sourcecode.c.objc; path = AppDelegate.m; sourceTree = "<group>"; };
		0A61A2D01B9A73E0009A585B /* ViewController.h */ = {isa = PBXFileReference; lastKnownFileType = sourcecode.c.h; path = ViewController.h; sourceTree = "<group>"; };
		0A61A2D11B9A73E0009A585B /* ViewController.m */ = {isa = PBXFileReference; lastKnownFileType = sourcecode.c.objc; path = ViewController.m; sourceTree = "<group>"; };
		0A61A2D41B9A73E0009A585B /* Base */ = {isa = PBXFileReference; lastKnownFileType = file.storyboard; name = Base; path = Base.lproj/Main.storyboard; sourceTree = "<group>"; };
		0A61A2DB1B9A73E0009A585B /* Info.plist */ = {isa = PBXFileReference; lastKnownFileType = text.plist.xml; path = Info.plist; sourceTree = "<group>"; };
		0A61A2E01B9A73E0009A585B /* ShokujiTests.xctest */ = {isa = PBXFileReference; explicitFileType = wrapper.cfbundle; includeInIndex = 0; path = ShokujiTests.xctest; sourceTree = BUILT_PRODUCTS_DIR; };
		0A61A2E41B9A73E0009A585B /* ShokujiTests.m */ = {isa = PBXFileReference; lastKnownFileType = sourcecode.c.objc; path = ShokujiTests.m; sourceTree = "<group>"; };
		0A61A2E61B9A73E0009A585B /* Info.plist */ = {isa = PBXFileReference; lastKnownFileType = text.plist.xml; path = Info.plist; sourceTree = "<group>"; };
		0A61A2EB1B9A73E0009A585B /* ShokujiUITests.xctest */ = {isa = PBXFileReference; explicitFileType = wrapper.cfbundle; includeInIndex = 0; path = ShokujiUITests.xctest; sourceTree = BUILT_PRODUCTS_DIR; };
		0A61A2EF1B9A73E0009A585B /* ShokujiUITests.m */ = {isa = PBXFileReference; lastKnownFileType = sourcecode.c.objc; path = ShokujiUITests.m; sourceTree = "<group>"; };
		0A61A2F11B9A73E0009A585B /* Info.plist */ = {isa = PBXFileReference; lastKnownFileType = text.plist.xml; path = Info.plist; sourceTree = "<group>"; };
		0A61A2FD1B9A79A4009A585B /* Assets.xcassets */ = {isa = PBXFileReference; lastKnownFileType = folder.assetcatalog; path = Assets.xcassets; sourceTree = "<group>"; };
		0A63F49A1C37BDFA006F0B39 /* kenko-gradient.png */ = {isa = PBXFileReference; lastKnownFileType = image.png; path = "kenko-gradient.png"; sourceTree = "<group>"; };
		0A63F49C1C37BFBE006F0B39 /* Hybrea-Regular.ttf */ = {isa = PBXFileReference; lastKnownFileType = file; path = "Hybrea-Regular.ttf"; sourceTree = "<group>"; };
		0A92A45C1C3B3600007C99BB /* ios7-close-outline.png */ = {isa = PBXFileReference; lastKnownFileType = image.png; path = "ios7-close-outline.png"; sourceTree = "<group>"; };
		0A92A45E1C3B39EA007C99BB /* Roboto.ttf */ = {isa = PBXFileReference; lastKnownFileType = file; path = Roboto.ttf; sourceTree = "<group>"; };
		0AB26C081B9BFF2300F6BD29 /* camera-button.png */ = {isa = PBXFileReference; lastKnownFileType = image.png; path = "camera-button.png"; sourceTree = "<group>"; };
		7A65E1919F165D4D5E56EF44 /* Pods-Shokuji.debug.xcconfig */ = {isa = PBXFileReference; includeInIndex = 1; lastKnownFileType = text.xcconfig; name = "Pods-Shokuji.debug.xcconfig"; path = "Pods/Target Support Files/Pods-Shokuji/Pods-Shokuji.debug.xcconfig"; sourceTree = "<group>"; };
		C15B439E847E773E7436BD65 /* libPods-Shokuji.a */ = {isa = PBXFileReference; explicitFileType = archive.ar; includeInIndex = 0; path = "libPods-Shokuji.a"; sourceTree = BUILT_PRODUCTS_DIR; };
		E99C477CAF8F59A5B772EF89 /* Pods-Shokuji.release.xcconfig */ = {isa = PBXFileReference; includeInIndex = 1; lastKnownFileType = text.xcconfig; name = "Pods-Shokuji.release.xcconfig"; path = "Pods/Target Support Files/Pods-Shokuji/Pods-Shokuji.release.xcconfig"; sourceTree = "<group>"; };
/* End PBXFileReference section */

/* Begin PBXFrameworksBuildPhase section */
		0A61A2C41B9A73DF009A585B /* Frameworks */ = {
			isa = PBXFrameworksBuildPhase;
			buildActionMask = 2147483647;
			files = (
				0A1CCCD01B9B5380008B131A /* MobileCoreServices.framework in Frameworks */,
				FA3F81A6E6CBC00D1C31FC10 /* libPods-Shokuji.a in Frameworks */,
			);
			runOnlyForDeploymentPostprocessing = 0;
		};
		0A61A2DD1B9A73E0009A585B /* Frameworks */ = {
			isa = PBXFrameworksBuildPhase;
			buildActionMask = 2147483647;
			files = (
			);
			runOnlyForDeploymentPostprocessing = 0;
		};
		0A61A2E81B9A73E0009A585B /* Frameworks */ = {
			isa = PBXFrameworksBuildPhase;
			buildActionMask = 2147483647;
			files = (
			);
			runOnlyForDeploymentPostprocessing = 0;
		};
/* End PBXFrameworksBuildPhase section */

/* Begin PBXGroup section */
		0A61A2BE1B9A73DF009A585B = {
			isa = PBXGroup;
			children = (
				0A61A2C91B9A73E0009A585B /* Shokuji */,
				0A61A2E31B9A73E0009A585B /* ShokujiTests */,
				0A61A2EE1B9A73E0009A585B /* ShokujiUITests */,
				0A61A2C81B9A73E0009A585B /* Products */,
				9F67189C823017A6D130B07F /* Pods */,
				A46550E7320DF79730E67727 /* Frameworks */,
			);
			sourceTree = "<group>";
		};
		0A61A2C81B9A73E0009A585B /* Products */ = {
			isa = PBXGroup;
			children = (
				0A61A2C71B9A73E0009A585B /* Shokuji.app */,
				0A61A2E01B9A73E0009A585B /* ShokujiTests.xctest */,
				0A61A2EB1B9A73E0009A585B /* ShokujiUITests.xctest */,
			);
			name = Products;
			sourceTree = "<group>";
		};
		0A61A2C91B9A73E0009A585B /* Shokuji */ = {
			isa = PBXGroup;
			children = (
				0A1CCCD31B9B842E008B131A /* Shokuji.entitlements */,
				0A61A2CD1B9A73E0009A585B /* AppDelegate.h */,
				0A61A2CE1B9A73E0009A585B /* AppDelegate.m */,
				0A61A2D01B9A73E0009A585B /* ViewController.h */,
				0A61A2D11B9A73E0009A585B /* ViewController.m */,
				0A61A2FD1B9A79A4009A585B /* Assets.xcassets */,
				0A61A2D31B9A73E0009A585B /* Main.storyboard */,
				0A5DB6EF1B9A8E3300B78CA5 /* DetailView.h */,
				0A5DB6F01B9A8E3300B78CA5 /* DetailView.m */,
				0A1CCCD41B9B95B2008B131A /* News.h */,
				0A1CCCD51B9B95B2008B131A /* News.m */,
				0A2D46331B9BC6C100632BC9 /* chevron-left.png */,
				0A2D46341B9BC6C100632BC9 /* chevron-right.png */,
				0A63F49A1C37BDFA006F0B39 /* kenko-gradient.png */,
				0A61A2DB1B9A73E0009A585B /* Info.plist */,
				0A1CCCCD1B9B2B99008B131A /* rip.png */,
				0AB26C081B9BFF2300F6BD29 /* camera-button.png */,
				0A92A45C1C3B3600007C99BB /* ios7-close-outline.png */,
				0A1CCCC61B9B261B008B131A /* Title.h */,
				0A1CCCC71B9B261B008B131A /* Title.m */,
				0A2D46371B9BCAFB00632BC9 /* Newspaper.h */,
				0A2D46381B9BCAFB00632BC9 /* Newspaper.m */,
				0A92A45E1C3B39EA007C99BB /* Roboto.ttf */,
				0A63F49C1C37BFBE006F0B39 /* Hybrea-Regular.ttf */,
				0A1CCCCA1B9B2620008B131A /* RobotoCondensed-Light.ttf */,
				0A61A2CA1B9A73E0009A585B /* Supporting Files */,
			);
			path = Shokuji;
			sourceTree = "<group>";
		};
		0A61A2CA1B9A73E0009A585B /* Supporting Files */ = {
			isa = PBXGroup;
			children = (
				0A61A2CB1B9A73E0009A585B /* main.m */,
			);
			name = "Supporting Files";
			sourceTree = "<group>";
		};
		0A61A2E31B9A73E0009A585B /* ShokujiTests */ = {
			isa = PBXGroup;
			children = (
				0A61A2E41B9A73E0009A585B /* ShokujiTests.m */,
				0A61A2E61B9A73E0009A585B /* Info.plist */,
			);
			path = ShokujiTests;
			sourceTree = "<group>";
		};
		0A61A2EE1B9A73E0009A585B /* ShokujiUITests */ = {
			isa = PBXGroup;
			children = (
				0A61A2EF1B9A73E0009A585B /* ShokujiUITests.m */,
				0A61A2F11B9A73E0009A585B /* Info.plist */,
			);
			path = ShokujiUITests;
			sourceTree = "<group>";
		};
		9F67189C823017A6D130B07F /* Pods */ = {
			isa = PBXGroup;
			children = (
				7A65E1919F165D4D5E56EF44 /* Pods-Shokuji.debug.xcconfig */,
				E99C477CAF8F59A5B772EF89 /* Pods-Shokuji.release.xcconfig */,
			);
			name = Pods;
			sourceTree = "<group>";
		};
		A46550E7320DF79730E67727 /* Frameworks */ = {
			isa = PBXGroup;
			children = (
				0A1CCCCF1B9B5380008B131A /* MobileCoreServices.framework */,
				C15B439E847E773E7436BD65 /* libPods-Shokuji.a */,
			);
			name = Frameworks;
			sourceTree = "<group>";
		};
/* End PBXGroup section */

/* Begin PBXNativeTarget section */
		0A61A2C61B9A73DF009A585B /* Shokuji */ = {
			isa = PBXNativeTarget;
			buildConfigurationList = 0A61A2F41B9A73E0009A585B /* Build configuration list for PBXNativeTarget "Shokuji" */;
			buildPhases = (
				3667CBF336F2EFED6876770A /* Check Pods Manifest.lock */,
				0A61A2C31B9A73DF009A585B /* Sources */,
				0A61A2C41B9A73DF009A585B /* Frameworks */,
				0A61A2C51B9A73DF009A585B /* Resources */,
				5C0B14C600210BCD706586FE /* Copy Pods Resources */,
			);
			buildRules = (
			);
			dependencies = (
			);
			name = Shokuji;
			productName = Shokuji;
			productReference = 0A61A2C71B9A73E0009A585B /* Shokuji.app */;
			productType = "com.apple.product-type.application";
		};
		0A61A2DF1B9A73E0009A585B /* ShokujiTests */ = {
			isa = PBXNativeTarget;
			buildConfigurationList = 0A61A2F71B9A73E0009A585B /* Build configuration list for PBXNativeTarget "ShokujiTests" */;
			buildPhases = (
				0A61A2DC1B9A73E0009A585B /* Sources */,
				0A61A2DD1B9A73E0009A585B /* Frameworks */,
				0A61A2DE1B9A73E0009A585B /* Resources */,
			);
			buildRules = (
			);
			dependencies = (
				0A61A2E21B9A73E0009A585B /* PBXTargetDependency */,
			);
			name = ShokujiTests;
			productName = ShokujiTests;
			productReference = 0A61A2E01B9A73E0009A585B /* ShokujiTests.xctest */;
			productType = "com.apple.product-type.bundle.unit-test";
		};
		0A61A2EA1B9A73E0009A585B /* ShokujiUITests */ = {
			isa = PBXNativeTarget;
			buildConfigurationList = 0A61A2FA1B9A73E0009A585B /* Build configuration list for PBXNativeTarget "ShokujiUITests" */;
			buildPhases = (
				0A61A2E71B9A73E0009A585B /* Sources */,
				0A61A2E81B9A73E0009A585B /* Frameworks */,
				0A61A2E91B9A73E0009A585B /* Resources */,
			);
			buildRules = (
			);
			dependencies = (
				0A61A2ED1B9A73E0009A585B /* PBXTargetDependency */,
			);
			name = ShokujiUITests;
			productName = ShokujiUITests;
			productReference = 0A61A2EB1B9A73E0009A585B /* ShokujiUITests.xctest */;
			productType = "com.apple.product-type.bundle.ui-testing";
		};
/* End PBXNativeTarget section */

/* Begin PBXProject section */
		0A61A2BF1B9A73DF009A585B /* Project object */ = {
			isa = PBXProject;
			attributes = {
				LastUpgradeCheck = 0700;
				ORGANIZATIONNAME = "Kevin Frans";
				TargetAttributes = {
					0A61A2C61B9A73DF009A585B = {
						CreatedOnToolsVersion = 7.0;
						DevelopmentTeam = 8W7785CWB2;
						SystemCapabilities = {
							com.apple.HealthKit = {
								enabled = 0;
							};
						};
					};
					0A61A2DF1B9A73E0009A585B = {
						CreatedOnToolsVersion = 7.0;
						TestTargetID = 0A61A2C61B9A73DF009A585B;
					};
					0A61A2EA1B9A73E0009A585B = {
						CreatedOnToolsVersion = 7.0;
						TestTargetID = 0A61A2C61B9A73DF009A585B;
					};
				};
			};
			buildConfigurationList = 0A61A2C21B9A73DF009A585B /* Build configuration list for PBXProject "Shokuji" */;
			compatibilityVersion = "Xcode 3.2";
			developmentRegion = English;
			hasScannedForEncodings = 0;
			knownRegions = (
				en,
				Base,
			);
			mainGroup = 0A61A2BE1B9A73DF009A585B;
			productRefGroup = 0A61A2C81B9A73E0009A585B /* Products */;
			projectDirPath = "";
			projectRoot = "";
			targets = (
				0A61A2C61B9A73DF009A585B /* Shokuji */,
				0A61A2DF1B9A73E0009A585B /* ShokujiTests */,
				0A61A2EA1B9A73E0009A585B /* ShokujiUITests */,
			);
		};
/* End PBXProject section */

/* Begin PBXResourcesBuildPhase section */
		0A61A2C51B9A73DF009A585B /* Resources */ = {
			isa = PBXResourcesBuildPhase;
			buildActionMask = 2147483647;
			files = (
				0A92A45F1C3B39EA007C99BB /* Roboto.ttf in Resources */,
				0A63F4A01C37C139006F0B39 /* Hybrea-Regular.ttf in Resources */,
				0A61A2FE1B9A79A4009A585B /* Assets.xcassets in Resources */,
				0A63F49B1C37BDFA006F0B39 /* kenko-gradient.png in Resources */,
				0A61A2D51B9A73E0009A585B /* Main.storyboard in Resources */,
				0AB26C091B9BFF2300F6BD29 /* camera-button.png in Resources */,
				0A2D46351B9BC6C100632BC9 /* chevron-left.png in Resources */,
				0A92A45D1C3B3600007C99BB /* ios7-close-outline.png in Resources */,
				0A2D46361B9BC6C100632BC9 /* chevron-right.png in Resources */,
				0A1CCCCC1B9B265D008B131A /* RobotoCondensed-Light.ttf in Resources */,
				0A1CCCCE1B9B2B99008B131A /* rip.png in Resources */,
			);
			runOnlyForDeploymentPostprocessing = 0;
		};
		0A61A2DE1B9A73E0009A585B /* Resources */ = {
			isa = PBXResourcesBuildPhase;
			buildActionMask = 2147483647;
			files = (
			);
			runOnlyForDeploymentPostprocessing = 0;
		};
		0A61A2E91B9A73E0009A585B /* Resources */ = {
			isa = PBXResourcesBuildPhase;
			buildActionMask = 2147483647;
			files = (
			);
			runOnlyForDeploymentPostprocessing = 0;
		};
/* End PBXResourcesBuildPhase section */

/* Begin PBXShellScriptBuildPhase section */
		3667CBF336F2EFED6876770A /* Check Pods Manifest.lock */ = {
			isa = PBXShellScriptBuildPhase;
			buildActionMask = 2147483647;
			files = (
			);
			inputPaths = (
			);
			name = "Check Pods Manifest.lock";
			outputPaths = (
			);
			runOnlyForDeploymentPostprocessing = 0;
			shellPath = /bin/sh;
			shellScript = "diff \"${PODS_ROOT}/../Podfile.lock\" \"${PODS_ROOT}/Manifest.lock\" > /dev/null\nif [[ $? != 0 ]] ; then\n    cat << EOM\nerror: The sandbox is not in sync with the Podfile.lock. Run 'pod install' or update your CocoaPods installation.\nEOM\n    exit 1\nfi\n";
			showEnvVarsInLog = 0;
		};
		5C0B14C600210BCD706586FE /* Copy Pods Resources */ = {
			isa = PBXShellScriptBuildPhase;
			buildActionMask = 2147483647;
			files = (
			);
			inputPaths = (
			);
			name = "Copy Pods Resources";
			outputPaths = (
			);
			runOnlyForDeploymentPostprocessing = 0;
			shellPath = /bin/sh;
			shellScript = "\"${SRCROOT}/Pods/Target Support Files/Pods-Shokuji/Pods-Shokuji-resources.sh\"\n";
			showEnvVarsInLog = 0;
		};
/* End PBXShellScriptBuildPhase section */

/* Begin PBXSourcesBuildPhase section */
		0A61A2C31B9A73DF009A585B /* Sources */ = {
			isa = PBXSourcesBuildPhase;
			buildActionMask = 2147483647;
			files = (
				0A61A2D21B9A73E0009A585B /* ViewController.m in Sources */,
				0A5DB6F11B9A8E3300B78CA5 /* DetailView.m in Sources */,
				0A1CCCD61B9B95B2008B131A /* News.m in Sources */,
				0A61A2CF1B9A73E0009A585B /* AppDelegate.m in Sources */,
				0A61A2CC1B9A73E0009A585B /* main.m in Sources */,
				0A1CCCC81B9B261B008B131A /* Title.m in Sources */,
				0A2D46391B9BCAFB00632BC9 /* Newspaper.m in Sources */,
			);
			runOnlyForDeploymentPostprocessing = 0;
		};
		0A61A2DC1B9A73E0009A585B /* Sources */ = {
			isa = PBXSourcesBuildPhase;
			buildActionMask = 2147483647;
			files = (
				0A61A2E51B9A73E0009A585B /* ShokujiTests.m in Sources */,
			);
			runOnlyForDeploymentPostprocessing = 0;
		};
		0A61A2E71B9A73E0009A585B /* Sources */ = {
			isa = PBXSourcesBuildPhase;
			buildActionMask = 2147483647;
			files = (
				0A61A2F01B9A73E0009A585B /* ShokujiUITests.m in Sources */,
			);
			runOnlyForDeploymentPostprocessing = 0;
		};
/* End PBXSourcesBuildPhase section */

/* Begin PBXTargetDependency section */
		0A61A2E21B9A73E0009A585B /* PBXTargetDependency */ = {
			isa = PBXTargetDependency;
			target = 0A61A2C61B9A73DF009A585B /* Shokuji */;
			targetProxy = 0A61A2E11B9A73E0009A585B /* PBXContainerItemProxy */;
		};
		0A61A2ED1B9A73E0009A585B /* PBXTargetDependency */ = {
			isa = PBXTargetDependency;
			target = 0A61A2C61B9A73DF009A585B /* Shokuji */;
			targetProxy = 0A61A2EC1B9A73E0009A585B /* PBXContainerItemProxy */;
		};
/* End PBXTargetDependency section */

/* Begin PBXVariantGroup section */
		0A61A2D31B9A73E0009A585B /* Main.storyboard */ = {
			isa = PBXVariantGroup;
			children = (
				0A61A2D41B9A73E0009A585B /* Base */,
			);
			name = Main.storyboard;
			sourceTree = "<group>";
		};
/* End PBXVariantGroup section */

/* Begin XCBuildConfiguration section */
		0A61A2F21B9A73E0009A585B /* Debug */ = {
			isa = XCBuildConfiguration;
			buildSettings = {
				ALWAYS_SEARCH_USER_PATHS = NO;
				CLANG_CXX_LANGUAGE_STANDARD = "gnu++0x";
				CLANG_CXX_LIBRARY = "libc++";
				CLANG_ENABLE_MODULES = YES;
				CLANG_ENABLE_OBJC_ARC = YES;
				CLANG_WARN_BOOL_CONVERSION = YES;
				CLANG_WARN_CONSTANT_CONVERSION = YES;
				CLANG_WARN_DIRECT_OBJC_ISA_USAGE = YES_ERROR;
				CLANG_WARN_EMPTY_BODY = YES;
				CLANG_WARN_ENUM_CONVERSION = YES;
				CLANG_WARN_INT_CONVERSION = YES;
				CLANG_WARN_OBJC_ROOT_CLASS = YES_ERROR;
				CLANG_WARN_UNREACHABLE_CODE = YES;
				CLANG_WARN__DUPLICATE_METHOD_MATCH = YES;
				"CODE_SIGN_IDENTITY[sdk=iphoneos*]" = "iPhone Developer";
				COPY_PHASE_STRIP = NO;
				DEBUG_INFORMATION_FORMAT = dwarf;
				ENABLE_STRICT_OBJC_MSGSEND = YES;
				ENABLE_TESTABILITY = YES;
				GCC_C_LANGUAGE_STANDARD = gnu99;
				GCC_DYNAMIC_NO_PIC = NO;
				GCC_NO_COMMON_BLOCKS = YES;
				GCC_OPTIMIZATION_LEVEL = 0;
				GCC_PREPROCESSOR_DEFINITIONS = (
					"DEBUG=1",
					"$(inherited)",
				);
				GCC_WARN_64_TO_32_BIT_CONVERSION = YES;
				GCC_WARN_ABOUT_RETURN_TYPE = YES_ERROR;
				GCC_WARN_UNDECLARED_SELECTOR = YES;
				GCC_WARN_UNINITIALIZED_AUTOS = YES_AGGRESSIVE;
				GCC_WARN_UNUSED_FUNCTION = YES;
				GCC_WARN_UNUSED_VARIABLE = YES;
				IPHONEOS_DEPLOYMENT_TARGET = 9.0;
				MTL_ENABLE_DEBUG_INFO = YES;
				ONLY_ACTIVE_ARCH = YES;
				SDKROOT = iphoneos;
			};
			name = Debug;
		};
		0A61A2F31B9A73E0009A585B /* Release */ = {
			isa = XCBuildConfiguration;
			buildSettings = {
				ALWAYS_SEARCH_USER_PATHS = NO;
				CLANG_CXX_LANGUAGE_STANDARD = "gnu++0x";
				CLANG_CXX_LIBRARY = "libc++";
				CLANG_ENABLE_MODULES = YES;
				CLANG_ENABLE_OBJC_ARC = YES;
				CLANG_WARN_BOOL_CONVERSION = YES;
				CLANG_WARN_CONSTANT_CONVERSION = YES;
				CLANG_WARN_DIRECT_OBJC_ISA_USAGE = YES_ERROR;
				CLANG_WARN_EMPTY_BODY = YES;
				CLANG_WARN_ENUM_CONVERSION = YES;
				CLANG_WARN_INT_CONVERSION = YES;
				CLANG_WARN_OBJC_ROOT_CLASS = YES_ERROR;
				CLANG_WARN_UNREACHABLE_CODE = YES;
				CLANG_WARN__DUPLICATE_METHOD_MATCH = YES;
				"CODE_SIGN_IDENTITY[sdk=iphoneos*]" = "iPhone Developer";
				COPY_PHASE_STRIP = NO;
				DEBUG_INFORMATION_FORMAT = "dwarf-with-dsym";
				ENABLE_NS_ASSERTIONS = NO;
				ENABLE_STRICT_OBJC_MSGSEND = YES;
				GCC_C_LANGUAGE_STANDARD = gnu99;
				GCC_NO_COMMON_BLOCKS = YES;
				GCC_WARN_64_TO_32_BIT_CONVERSION = YES;
				GCC_WARN_ABOUT_RETURN_TYPE = YES_ERROR;
				GCC_WARN_UNDECLARED_SELECTOR = YES;
				GCC_WARN_UNINITIALIZED_AUTOS = YES_AGGRESSIVE;
				GCC_WARN_UNUSED_FUNCTION = YES;
				GCC_WARN_UNUSED_VARIABLE = YES;
				IPHONEOS_DEPLOYMENT_TARGET = 9.0;
				MTL_ENABLE_DEBUG_INFO = NO;
				SDKROOT = iphoneos;
				VALIDATE_PRODUCT = YES;
			};
			name = Release;
		};
		0A61A2F51B9A73E0009A585B /* Debug */ = {
			isa = XCBuildConfiguration;
			baseConfigurationReference = 7A65E1919F165D4D5E56EF44 /* Pods-Shokuji.debug.xcconfig */;
			buildSettings = {
				ASSETCATALOG_COMPILER_APPICON_NAME = AppIcon;
				ASSETCATALOG_COMPILER_LAUNCHIMAGE_NAME = LaunchImage;
				CODE_SIGN_IDENTITY = "iPhone Developer";
				"CODE_SIGN_IDENTITY[sdk=iphoneos*]" = "iPhone Developer";
				INFOPLIST_FILE = Shokuji/Info.plist;
				IPHONEOS_DEPLOYMENT_TARGET = 8.0;
				LD_RUNPATH_SEARCH_PATHS = "$(inherited) @executable_path/Frameworks";
				PRODUCT_BUNDLE_IDENTIFIER = kevfrans.Shokuji;
				PRODUCT_NAME = "$(TARGET_NAME)";
				PROVISIONING_PROFILE = "";
			};
			name = Debug;
		};
		0A61A2F61B9A73E0009A585B /* Release */ = {
			isa = XCBuildConfiguration;
			baseConfigurationReference = E99C477CAF8F59A5B772EF89 /* Pods-Shokuji.release.xcconfig */;
			buildSettings = {
				ASSETCATALOG_COMPILER_APPICON_NAME = AppIcon;
				ASSETCATALOG_COMPILER_LAUNCHIMAGE_NAME = LaunchImage;
				CODE_SIGN_IDENTITY = "iPhone Developer";
				"CODE_SIGN_IDENTITY[sdk=iphoneos*]" = "iPhone Developer";
				INFOPLIST_FILE = Shokuji/Info.plist;
				IPHONEOS_DEPLOYMENT_TARGET = 8.0;
				LD_RUNPATH_SEARCH_PATHS = "$(inherited) @executable_path/Frameworks";
				PRODUCT_BUNDLE_IDENTIFIER = kevfrans.Shokuji;
				PRODUCT_NAME = "$(TARGET_NAME)";
				PROVISIONING_PROFILE = "";
			};
			name = Release;
		};
		0A61A2F81B9A73E0009A585B /* Debug */ = {
			isa = XCBuildConfiguration;
			buildSettings = {
				BUNDLE_LOADER = "$(TEST_HOST)";
				INFOPLIST_FILE = ShokujiTests/Info.plist;
				LD_RUNPATH_SEARCH_PATHS = "$(inherited) @executable_path/Frameworks @loader_path/Frameworks";
				PRODUCT_BUNDLE_IDENTIFIER = kevinfrans.ShokujiTests;
				PRODUCT_NAME = "$(TARGET_NAME)";
				TEST_HOST = "$(BUILT_PRODUCTS_DIR)/Shokuji.app/Shokuji";
			};
			name = Debug;
		};
		0A61A2F91B9A73E0009A585B /* Release */ = {
			isa = XCBuildConfiguration;
			buildSettings = {
				BUNDLE_LOADER = "$(TEST_HOST)";
				INFOPLIST_FILE = ShokujiTests/Info.plist;
				LD_RUNPATH_SEARCH_PATHS = "$(inherited) @executable_path/Frameworks @loader_path/Frameworks";
				PRODUCT_BUNDLE_IDENTIFIER = kevinfrans.ShokujiTests;
				PRODUCT_NAME = "$(TARGET_NAME)";
				TEST_HOST = "$(BUILT_PRODUCTS_DIR)/Shokuji.app/Shokuji";
			};
			name = Release;
		};
		0A61A2FB1B9A73E0009A585B /* Debug */ = {
			isa = XCBuildConfiguration;
			buildSettings = {
				INFOPLIST_FILE = ShokujiUITests/Info.plist;
				LD_RUNPATH_SEARCH_PATHS = "$(inherited) @executable_path/Frameworks @loader_path/Frameworks";
				PRODUCT_BUNDLE_IDENTIFIER = kevinfrans.ShokujiUITests;
				PRODUCT_NAME = "$(TARGET_NAME)";
				TEST_TARGET_NAME = Shokuji;
				USES_XCTRUNNER = YES;
			};
			name = Debug;
		};
		0A61A2FC1B9A73E0009A585B /* Release */ = {
			isa = XCBuildConfiguration;
			buildSettings = {
				INFOPLIST_FILE = ShokujiUITests/Info.plist;
				LD_RUNPATH_SEARCH_PATHS = "$(inherited) @executable_path/Frameworks @loader_path/Frameworks";
				PRODUCT_BUNDLE_IDENTIFIER = kevinfrans.ShokujiUITests;
				PRODUCT_NAME = "$(TARGET_NAME)";
				TEST_TARGET_NAME = Shokuji;
				USES_XCTRUNNER = YES;
			};
			name = Release;
		};
/* End XCBuildConfiguration section */

/* Begin XCConfigurationList section */
		0A61A2C21B9A73DF009A585B /* Build configuration list for PBXProject "Shokuji" */ = {
			isa = XCConfigurationList;
			buildConfigurations = (
				0A61A2F21B9A73E0009A585B /* Debug */,
				0A61A2F31B9A73E0009A585B /* Release */,
			);
			defaultConfigurationIsVisible = 0;
			defaultConfigurationName = Release;
		};
		0A61A2F41B9A73E0009A585B /* Build configuration list for PBXNativeTarget "Shokuji" */ = {
			isa = XCConfigurationList;
			buildConfigurations = (
				0A61A2F51B9A73E0009A585B /* Debug */,
				0A61A2F61B9A73E0009A585B /* Release */,
			);
			defaultConfigurationIsVisible = 0;
			defaultConfigurationName = Release;
		};
		0A61A2F71B9A73E0009A585B /* Build configuration list for PBXNativeTarget "ShokujiTests" */ = {
			isa = XCConfigurationList;
			buildConfigurations = (
				0A61A2F81B9A73E0009A585B /* Debug */,
				0A61A2F91B9A73E0009A585B /* Release */,
			);
			defaultConfigurationIsVisible = 0;
			defaultConfigurationName = Release;
		};
		0A61A2FA1B9A73E0009A585B /* Build configuration list for PBXNativeTarget "ShokujiUITests" */ = {
			isa = XCConfigurationList;
			buildConfigurations = (
				0A61A2FB1B9A73E0009A585B /* Debug */,
				0A61A2FC1B9A73E0009A585B /* Release */,
			);
			defaultConfigurationIsVisible = 0;
			defaultConfigurationName = Release;
		};
/* End XCConfigurationList section */
	};
	rootObject = 0A61A2BF1B9A73DF009A585B /* Project object */;
}
